
Microsoft Visual Studio Solution File, Format Version 12.00
# Visual Studio Version 17
VisualStudioVersion = 17.1.32210.238
MinimumVisualStudioVersion = 10.0.40219.1
Project("{FAE04EC0-301F-11D3-BF4B-00C04F79EFBC}") = "DemoDDD", "DemoDDD\DemoDDD.csproj", "{17BC8B85-EBEF-401C-B003-B3F6070C0E8A}"
EndProject
Global
	GlobalSection(SolutionConfigurationPlatforms) = preSolution
		Debug|Any CPU = Debug|Any CPU
		Release|Any CPU = Release|Any CPU
	EndGlobalSection
	GlobalSection(ProjectConfigurationPlatforms) = postSolution
		{17BC8B85-EBEF-401C-B003-B3F6070C0E8A}.Debug|Any CPU.ActiveCfg = Debug|Any CPU
		{17BC8B85-EBEF-401C-B003-B3F6070C0E8A}.Debug|Any CPU.Build.0 = Debug|Any CPU
		{17BC8B85-EBEF-401C-B003-B3F6070C0E8A}.Release|Any CPU.ActiveCfg = Release|Any CPU
		{17BC8B85-EBEF-401C-B003-B3F6070C0E8A}.Release|Any CPU.Build.0 = Release|Any CPU
	EndGlobalSection
	GlobalSection(SolutionProperties) = preSolution
		HideSolutionNode = FALSE
	EndGlobalSection
	GlobalSection(ExtensibilityGlobals) = postSolution
		SolutionGuid = {4AD312C2-489D-4834-93FB-505141B3F37A}
	EndGlobalSection
EndGlobal
